
Microsoft Visual Studio Solution File, Format Version 12.00
# Visual Studio Version 16
VisualStudioVersion = 16.0.31624.102
MinimumVisualStudioVersion = 10.0.40219.1
Project("{FAE04EC0-301F-11D3-BF4B-00C04F79EFBC}") = "GiuKi", "GiuKi.csproj", "{04B443C4-87D0-472D-BBE4-A78DB5ED3AA3}"
EndProject
Global
	GlobalSection(SolutionConfigurationPlatforms) = preSolution
		Debug|Any CPU = Debug|Any CPU
		Release|Any CPU = Release|Any CPU
	EndGlobalSection
	GlobalSection(ProjectConfigurationPlatforms) = postSolution
		{04B443C4-87D0-472D-BBE4-A78DB5ED3AA3}.Debug|Any CPU.ActiveCfg = Debug|Any CPU
		{04B443C4-87D0-472D-BBE4-A78DB5ED3AA3}.Debug|Any CPU.Build.0 = Debug|Any CPU
		{04B443C4-87D0-472D-BBE4-A78DB5ED3AA3}.Release|Any CPU.ActiveCfg = Release|Any CPU
		{04B443C4-87D0-472D-BBE4-A78DB5ED3AA3}.Release|Any CPU.Build.0 = Release|Any CPU
	EndGlobalSection
	GlobalSection(SolutionProperties) = preSolution
		HideSolutionNode = FALSE
	EndGlobalSection
	GlobalSection(ExtensibilityGlobals) = postSolution
		SolutionGuid = {5FFEC46F-F782-459D-B9F9-5E1F0682F12C}
	EndGlobalSection
EndGlobal
