
Microsoft Visual Studio Solution File, Format Version 12.00
# Visual Studio Version 16
VisualStudioVersion = 16.0.31624.102
MinimumVisualStudioVersion = 10.0.40219.1
Project("{FAE04EC0-301F-11D3-BF4B-00C04F79EFBC}") = "bttuan3", "bttuan3.csproj", "{5A01FE58-6968-42D9-9F81-AA5DFD9B0854}"
EndProject
Global
	GlobalSection(SolutionConfigurationPlatforms) = preSolution
		Debug|Any CPU = Debug|Any CPU
		Release|Any CPU = Release|Any CPU
	EndGlobalSection
	GlobalSection(ProjectConfigurationPlatforms) = postSolution
		{5A01FE58-6968-42D9-9F81-AA5DFD9B0854}.Debug|Any CPU.ActiveCfg = Debug|Any CPU
		{5A01FE58-6968-42D9-9F81-AA5DFD9B0854}.Debug|Any CPU.Build.0 = Debug|Any CPU
		{5A01FE58-6968-42D9-9F81-AA5DFD9B0854}.Release|Any CPU.ActiveCfg = Release|Any CPU
		{5A01FE58-6968-42D9-9F81-AA5DFD9B0854}.Release|Any CPU.Build.0 = Release|Any CPU
	EndGlobalSection
	GlobalSection(SolutionProperties) = preSolution
		HideSolutionNode = FALSE
	EndGlobalSection
	GlobalSection(ExtensibilityGlobals) = postSolution
		SolutionGuid = {67E14E55-5811-4767-BD37-7B5E977E3225}
	EndGlobalSection
EndGlobal
